// !$*UTF8*$!
{
	archiveVersion = 1;
	classes = {
	};
	objectVersion = 56;
	objects = {

/* Begin PBXBuildFile section */
		32083E032B1FB4D600AC3C17 /* Winner.storyboard in Resources */ = {isa = PBXBuildFile; fileRef = 32083E022B1FB4D600AC3C17 /* Winner.storyboard */; };
		32083E052B1FB4EA00AC3C17 /* WinnerViewController.swift in Sources */ = {isa = PBXBuildFile; fileRef = 32083E042B1FB4EA00AC3C17 /* WinnerViewController.swift */; };
		32083E072B2A559A00AC3C17 /* DataController.swift in Sources */ = {isa = PBXBuildFile; fileRef = 32083E062B2A559A00AC3C17 /* DataController.swift */; };
		3230A59F2A522ABB000B1DAE /* AppDelegate.swift in Sources */ = {isa = PBXBuildFile; fileRef = 3230A59E2A522ABB000B1DAE /* AppDelegate.swift */; };
		3230A5A12A522ABB000B1DAE /* SceneDelegate.swift in Sources */ = {isa = PBXBuildFile; fileRef = 3230A5A02A522ABB000B1DAE /* SceneDelegate.swift */; };
		3230A5A32A522ABB000B1DAE /* GamesViewController.swift in Sources */ = {isa = PBXBuildFile; fileRef = 3230A5A22A522ABB000B1DAE /* GamesViewController.swift */; };
		3230A5A62A522ABB000B1DAE /* Main.storyboard in Resources */ = {isa = PBXBuildFile; fileRef = 3230A5A42A522ABB000B1DAE /* Main.storyboard */; };
		3230A5A82A522ABE000B1DAE /* Assets.xcassets in Resources */ = {isa = PBXBuildFile; fileRef = 3230A5A72A522ABE000B1DAE /* Assets.xcassets */; };
		3230A5AB2A522ABE000B1DAE /* LaunchScreen.storyboard in Resources */ = {isa = PBXBuildFile; fileRef = 3230A5A92A522ABE000B1DAE /* LaunchScreen.storyboard */; };
		324878242B30D57300D72CFF /* GameResult.swift in Sources */ = {isa = PBXBuildFile; fileRef = 324878232B30D57300D72CFF /* GameResult.swift */; };
		327A71352A522E0E000F246A /* NewGameViewController.swift in Sources */ = {isa = PBXBuildFile; fileRef = 327A71342A522E0E000F246A /* NewGameViewController.swift */; };
		327A71372A522E38000F246A /* NewGame.storyboard in Resources */ = {isa = PBXBuildFile; fileRef = 327A71362A522E38000F246A /* NewGame.storyboard */; };
		329FF10E2AD8626A00A23EB0 /* GameTableViewCell.swift in Sources */ = {isa = PBXBuildFile; fileRef = 329FF10C2AD8626A00A23EB0 /* GameTableViewCell.swift */; };
		329FF10F2AD8626A00A23EB0 /* GameTableViewCell.xib in Resources */ = {isa = PBXBuildFile; fileRef = 329FF10D2AD8626A00A23EB0 /* GameTableViewCell.xib */; };
		329FF1142AD87CB900A23EB0 /* GameTableViewHeaderCell.swift in Sources */ = {isa = PBXBuildFile; fileRef = 329FF1122AD87CB900A23EB0 /* GameTableViewHeaderCell.swift */; };
		329FF1152AD87CB900A23EB0 /* GameTableViewHeaderCell.xib in Resources */ = {isa = PBXBuildFile; fileRef = 329FF1132AD87CB900A23EB0 /* GameTableViewHeaderCell.xib */; };
		329FF1192AD9ACE400A23EB0 /* OhHellScoreKeepingApp.xcdatamodeld in Sources */ = {isa = PBXBuildFile; fileRef = 329FF1172AD9ACE400A23EB0 /* OhHellScoreKeepingApp.xcdatamodeld */; };
		329FF11B2ADDBACC00A23EB0 /* Round.swift in Sources */ = {isa = PBXBuildFile; fileRef = 329FF11A2ADDBACC00A23EB0 /* Round.swift */; };
		32B1B54B2AD09F4E009CE803 /* GameManager.swift in Sources */ = {isa = PBXBuildFile; fileRef = 32B1B54A2AD09F4E009CE803 /* GameManager.swift */; };
		32B1B54D2AD459AF009CE803 /* ActiveGame.storyboard in Resources */ = {isa = PBXBuildFile; fileRef = 32B1B54C2AD459AF009CE803 /* ActiveGame.storyboard */; };
		32B1B54F2AD459D1009CE803 /* ActiveGameViewController.swift in Sources */ = {isa = PBXBuildFile; fileRef = 32B1B54E2AD459D1009CE803 /* ActiveGameViewController.swift */; };
		32EECCA92B44B465000AE501 /* GameHistoryTableViewCell.xib in Resources */ = {isa = PBXBuildFile; fileRef = 32EECCA82B44B465000AE501 /* GameHistoryTableViewCell.xib */; };
/* End PBXBuildFile section */

/* Begin PBXFileReference section */
		32083E022B1FB4D600AC3C17 /* Winner.storyboard */ = {isa = PBXFileReference; lastKnownFileType = file.storyboard; path = Winner.storyboard; sourceTree = "<group>"; };
		32083E042B1FB4EA00AC3C17 /* WinnerViewController.swift */ = {isa = PBXFileReference; lastKnownFileType = sourcecode.swift; path = WinnerViewController.swift; sourceTree = "<group>"; };
		32083E062B2A559A00AC3C17 /* DataController.swift */ = {isa = PBXFileReference; lastKnownFileType = sourcecode.swift; path = DataController.swift; sourceTree = "<group>"; };
		3230A59B2A522ABB000B1DAE /* OhHellScoreKeepingApp.app */ = {isa = PBXFileReference; explicitFileType = wrapper.application; includeInIndex = 0; path = OhHellScoreKeepingApp.app; sourceTree = BUILT_PRODUCTS_DIR; };
		3230A59E2A522ABB000B1DAE /* AppDelegate.swift */ = {isa = PBXFileReference; lastKnownFileType = sourcecode.swift; path = AppDelegate.swift; sourceTree = "<group>"; };
		3230A5A02A522ABB000B1DAE /* SceneDelegate.swift */ = {isa = PBXFileReference; lastKnownFileType = sourcecode.swift; path = SceneDelegate.swift; sourceTree = "<group>"; };
		3230A5A22A522ABB000B1DAE /* GamesViewController.swift */ = {isa = PBXFileReference; lastKnownFileType = sourcecode.swift; path = GamesViewController.swift; sourceTree = "<group>"; };
		3230A5A52A522ABB000B1DAE /* Base */ = {isa = PBXFileReference; lastKnownFileType = file.storyboard; name = Base; path = Base.lproj/Main.storyboard; sourceTree = "<group>"; };
		3230A5A72A522ABE000B1DAE /* Assets.xcassets */ = {isa = PBXFileReference; lastKnownFileType = folder.assetcatalog; path = Assets.xcassets; sourceTree = "<group>"; };
		3230A5AA2A522ABE000B1DAE /* Base */ = {isa = PBXFileReference; lastKnownFileType = file.storyboard; name = Base; path = Base.lproj/LaunchScreen.storyboard; sourceTree = "<group>"; };
		3230A5AC2A522ABE000B1DAE /* Info.plist */ = {isa = PBXFileReference; lastKnownFileType = text.plist.xml; path = Info.plist; sourceTree = "<group>"; };
		324878232B30D57300D72CFF /* GameResult.swift */ = {isa = PBXFileReference; lastKnownFileType = sourcecode.swift; path = GameResult.swift; sourceTree = "<group>"; };
		327A71342A522E0E000F246A /* NewGameViewController.swift */ = {isa = PBXFileReference; lastKnownFileType = sourcecode.swift; path = NewGameViewController.swift; sourceTree = "<group>"; };
		327A71362A522E38000F246A /* NewGame.storyboard */ = {isa = PBXFileReference; lastKnownFileType = file.storyboard; path = NewGame.storyboard; sourceTree = "<group>"; };
		329FF10C2AD8626A00A23EB0 /* GameTableViewCell.swift */ = {isa = PBXFileReference; lastKnownFileType = sourcecode.swift; path = GameTableViewCell.swift; sourceTree = "<group>"; };
		329FF10D2AD8626A00A23EB0 /* GameTableViewCell.xib */ = {isa = PBXFileReference; lastKnownFileType = file.xib; path = GameTableViewCell.xib; sourceTree = "<group>"; };
		329FF1122AD87CB900A23EB0 /* GameTableViewHeaderCell.swift */ = {isa = PBXFileReference; lastKnownFileType = sourcecode.swift; path = GameTableViewHeaderCell.swift; sourceTree = "<group>"; };
		329FF1132AD87CB900A23EB0 /* GameTableViewHeaderCell.xib */ = {isa = PBXFileReference; lastKnownFileType = file.xib; path = GameTableViewHeaderCell.xib; sourceTree = "<group>"; };
		329FF1182AD9ACE400A23EB0 /* OhHellScoreKeeping.xcdatamodel */ = {isa = PBXFileReference; lastKnownFileType = wrapper.xcdatamodel; path = OhHellScoreKeeping.xcdatamodel; sourceTree = "<group>"; };
		329FF11A2ADDBACC00A23EB0 /* Round.swift */ = {isa = PBXFileReference; lastKnownFileType = sourcecode.swift; path = Round.swift; sourceTree = "<group>"; };
		32B1B54A2AD09F4E009CE803 /* GameManager.swift */ = {isa = PBXFileReference; lastKnownFileType = sourcecode.swift; path = GameManager.swift; sourceTree = "<group>"; };
		32B1B54C2AD459AF009CE803 /* ActiveGame.storyboard */ = {isa = PBXFileReference; lastKnownFileType = file.storyboard; path = ActiveGame.storyboard; sourceTree = "<group>"; };
		32B1B54E2AD459D1009CE803 /* ActiveGameViewController.swift */ = {isa = PBXFileReference; lastKnownFileType = sourcecode.swift; path = ActiveGameViewController.swift; sourceTree = "<group>"; };
		32EECCA82B44B465000AE501 /* GameHistoryTableViewCell.xib */ = {isa = PBXFileReference; lastKnownFileType = file.xib; path = GameHistoryTableViewCell.xib; sourceTree = "<group>"; };
/* End PBXFileReference section */

/* Begin PBXFrameworksBuildPhase section */
		3230A5982A522ABB000B1DAE /* Frameworks */ = {
			isa = PBXFrameworksBuildPhase;
			buildActionMask = 2147483647;
			files = (
			);
			runOnlyForDeploymentPostprocessing = 0;
		};
/* End PBXFrameworksBuildPhase section */

/* Begin PBXGroup section */
		32083E012B1FB47F00AC3C17 /* Winner */ = {
			isa = PBXGroup;
			children = (
				32083E022B1FB4D600AC3C17 /* Winner.storyboard */,
				32083E042B1FB4EA00AC3C17 /* WinnerViewController.swift */,
			);
			path = Winner;
			sourceTree = "<group>";
		};
		3230A5922A522ABB000B1DAE = {
			isa = PBXGroup;
			children = (
				3230A59D2A522ABB000B1DAE /* OhHellScoreKeepingApp */,
				3230A59C2A522ABB000B1DAE /* Products */,
			);
			sourceTree = "<group>";
		};
		3230A59C2A522ABB000B1DAE /* Products */ = {
			isa = PBXGroup;
			children = (
				3230A59B2A522ABB000B1DAE /* OhHellScoreKeepingApp.app */,
			);
			name = Products;
			sourceTree = "<group>";
		};
		3230A59D2A522ABB000B1DAE /* OhHellScoreKeepingApp */ = {
			isa = PBXGroup;
			children = (
				329FF1162AD9ACCB00A23EB0 /* Model */,
				32B1B5482AD09EDE009CE803 /* Game History */,
				327A71382A522E50000F246A /* New Game */,
				32B1B5492AD09F07009CE803 /* Active Game */,
				32083E012B1FB47F00AC3C17 /* Winner */,
				3230A59E2A522ABB000B1DAE /* AppDelegate.swift */,
				3230A5A02A522ABB000B1DAE /* SceneDelegate.swift */,
				3230A5A72A522ABE000B1DAE /* Assets.xcassets */,
				3230A5A92A522ABE000B1DAE /* LaunchScreen.storyboard */,
				3230A5AC2A522ABE000B1DAE /* Info.plist */,
			);
			path = OhHellScoreKeepingApp;
			sourceTree = "<group>";
		};
		327A71382A522E50000F246A /* New Game */ = {
			isa = PBXGroup;
			children = (
				327A71362A522E38000F246A /* NewGame.storyboard */,
				327A71342A522E0E000F246A /* NewGameViewController.swift */,
			);
			path = "New Game";
			sourceTree = "<group>";
		};
		329FF1162AD9ACCB00A23EB0 /* Model */ = {
			isa = PBXGroup;
			children = (
				329FF1172AD9ACE400A23EB0 /* OhHellScoreKeepingApp.xcdatamodeld */,
				329FF11A2ADDBACC00A23EB0 /* Round.swift */,
				32083E062B2A559A00AC3C17 /* DataController.swift */,
				324878232B30D57300D72CFF /* GameResult.swift */,
			);
			path = Model;
			sourceTree = "<group>";
		};
		32B1B5482AD09EDE009CE803 /* Game History */ = {
			isa = PBXGroup;
			children = (
				3230A5A22A522ABB000B1DAE /* GamesViewController.swift */,
				3230A5A42A522ABB000B1DAE /* Main.storyboard */,
				32EECCA82B44B465000AE501 /* GameHistoryTableViewCell.xib */,
			);
			path = "Game History";
			sourceTree = "<group>";
		};
		32B1B5492AD09F07009CE803 /* Active Game */ = {
			isa = PBXGroup;
			children = (
				32B1B54A2AD09F4E009CE803 /* GameManager.swift */,
				32B1B54C2AD459AF009CE803 /* ActiveGame.storyboard */,
				329FF10C2AD8626A00A23EB0 /* GameTableViewCell.swift */,
				32B1B54E2AD459D1009CE803 /* ActiveGameViewController.swift */,
				329FF10D2AD8626A00A23EB0 /* GameTableViewCell.xib */,
				329FF1132AD87CB900A23EB0 /* GameTableViewHeaderCell.xib */,
				329FF1122AD87CB900A23EB0 /* GameTableViewHeaderCell.swift */,
			);
			path = "Active Game";
			sourceTree = "<group>";
		};
/* End PBXGroup section */

/* Begin PBXNativeTarget section */
		3230A59A2A522ABB000B1DAE /* OhHellScoreKeepingApp */ = {
			isa = PBXNativeTarget;
			buildConfigurationList = 3230A5AF2A522ABF000B1DAE /* Build configuration list for PBXNativeTarget "OhHellScoreKeepingApp" */;
			buildPhases = (
				3230A5972A522ABB000B1DAE /* Sources */,
				3230A5982A522ABB000B1DAE /* Frameworks */,
				3230A5992A522ABB000B1DAE /* Resources */,
			);
			buildRules = (
			);
			dependencies = (
			);
			name = OhHellScoreKeepingApp;
			productName = OhHellScoreKeepingApp;
			productReference = 3230A59B2A522ABB000B1DAE /* OhHellScoreKeepingApp.app */;
			productType = "com.apple.product-type.application";
		};
/* End PBXNativeTarget section */

/* Begin PBXProject section */
		3230A5932A522ABB000B1DAE /* Project object */ = {
			isa = PBXProject;
			attributes = {
				BuildIndependentTargetsInParallel = 1;
				LastSwiftUpdateCheck = 1420;
				LastUpgradeCheck = 1420;
				TargetAttributes = {
					3230A59A2A522ABB000B1DAE = {
						CreatedOnToolsVersion = 14.2;
					};
				};
			};
			buildConfigurationList = 3230A5962A522ABB000B1DAE /* Build configuration list for PBXProject "OhHellScoreKeepingApp" */;
			compatibilityVersion = "Xcode 14.0";
			developmentRegion = en;
			hasScannedForEncodings = 0;
			knownRegions = (
				en,
				Base,
			);
			mainGroup = 3230A5922A522ABB000B1DAE;
			productRefGroup = 3230A59C2A522ABB000B1DAE /* Products */;
			projectDirPath = "";
			projectRoot = "";
			targets = (
				3230A59A2A522ABB000B1DAE /* OhHellScoreKeepingApp */,
			);
		};
/* End PBXProject section */

/* Begin PBXResourcesBuildPhase section */
		3230A5992A522ABB000B1DAE /* Resources */ = {
			isa = PBXResourcesBuildPhase;
			buildActionMask = 2147483647;
			files = (
				329FF1152AD87CB900A23EB0 /* GameTableViewHeaderCell.xib in Resources */,
				32B1B54D2AD459AF009CE803 /* ActiveGame.storyboard in Resources */,
				3230A5AB2A522ABE000B1DAE /* LaunchScreen.storyboard in Resources */,
				32083E032B1FB4D600AC3C17 /* Winner.storyboard in Resources */,
				327A71372A522E38000F246A /* NewGame.storyboard in Resources */,
				32EECCA92B44B465000AE501 /* GameHistoryTableViewCell.xib in Resources */,
				3230A5A82A522ABE000B1DAE /* Assets.xcassets in Resources */,
				3230A5A62A522ABB000B1DAE /* Main.storyboard in Resources */,
				329FF10F2AD8626A00A23EB0 /* GameTableViewCell.xib in Resources */,
			);
			runOnlyForDeploymentPostprocessing = 0;
		};
/* End PBXResourcesBuildPhase section */

/* Begin PBXSourcesBuildPhase section */
		3230A5972A522ABB000B1DAE /* Sources */ = {
			isa = PBXSourcesBuildPhase;
			buildActionMask = 2147483647;
			files = (
				329FF10E2AD8626A00A23EB0 /* GameTableViewCell.swift in Sources */,
				32083E072B2A559A00AC3C17 /* DataController.swift in Sources */,
				32B1B54F2AD459D1009CE803 /* ActiveGameViewController.swift in Sources */,
				3230A5A32A522ABB000B1DAE /* GamesViewController.swift in Sources */,
				32083E052B1FB4EA00AC3C17 /* WinnerViewController.swift in Sources */,
				329FF1192AD9ACE400A23EB0 /* OhHellScoreKeepingApp.xcdatamodeld in Sources */,
				327A71352A522E0E000F246A /* NewGameViewController.swift in Sources */,
				324878242B30D57300D72CFF /* GameResult.swift in Sources */,
				3230A59F2A522ABB000B1DAE /* AppDelegate.swift in Sources */,
				32B1B54B2AD09F4E009CE803 /* GameManager.swift in Sources */,
				329FF1142AD87CB900A23EB0 /* GameTableViewHeaderCell.swift in Sources */,
				329FF11B2ADDBACC00A23EB0 /* Round.swift in Sources */,
				3230A5A12A522ABB000B1DAE /* SceneDelegate.swift in Sources */,
			);
			runOnlyForDeploymentPostprocessing = 0;
		};
/* End PBXSourcesBuildPhase section */

/* Begin PBXVariantGroup section */
		3230A5A42A522ABB000B1DAE /* Main.storyboard */ = {
			isa = PBXVariantGroup;
			children = (
				3230A5A52A522ABB000B1DAE /* Base */,
			);
			name = Main.storyboard;
			sourceTree = "<group>";
		};
		3230A5A92A522ABE000B1DAE /* LaunchScreen.storyboard */ = {
			isa = PBXVariantGroup;
			children = (
				3230A5AA2A522ABE000B1DAE /* Base */,
			);
			name = LaunchScreen.storyboard;
			sourceTree = "<group>";
		};
/* End PBXVariantGroup section */

/* Begin XCBuildConfiguration section */
		3230A5AD2A522ABF000B1DAE /* Debug */ = {
			isa = XCBuildConfiguration;
			buildSettings = {
				ALWAYS_SEARCH_USER_PATHS = NO;
				CLANG_ANALYZER_NONNULL = YES;
				CLANG_ANALYZER_NUMBER_OBJECT_CONVERSION = YES_AGGRESSIVE;
				CLANG_CXX_LANGUAGE_STANDARD = "gnu++20";
				CLANG_ENABLE_MODULES = YES;
				CLANG_ENABLE_OBJC_ARC = YES;
				CLANG_ENABLE_OBJC_WEAK = YES;
				CLANG_WARN_BLOCK_CAPTURE_AUTORELEASING = YES;
				CLANG_WARN_BOOL_CONVERSION = YES;
				CLANG_WARN_COMMA = YES;
				CLANG_WARN_CONSTANT_CONVERSION = YES;
				CLANG_WARN_DEPRECATED_OBJC_IMPLEMENTATIONS = YES;
				CLANG_WARN_DIRECT_OBJC_ISA_USAGE = YES_ERROR;
				CLANG_WARN_DOCUMENTATION_COMMENTS = YES;
				CLANG_WARN_EMPTY_BODY = YES;
				CLANG_WARN_ENUM_CONVERSION = YES;
				CLANG_WARN_INFINITE_RECURSION = YES;
				CLANG_WARN_INT_CONVERSION = YES;
				CLANG_WARN_NON_LITERAL_NULL_CONVERSION = YES;
				CLANG_WARN_OBJC_IMPLICIT_RETAIN_SELF = YES;
				CLANG_WARN_OBJC_LITERAL_CONVERSION = YES;
				CLANG_WARN_OBJC_ROOT_CLASS = YES_ERROR;
				CLANG_WARN_QUOTED_INCLUDE_IN_FRAMEWORK_HEADER = YES;
				CLANG_WARN_RANGE_LOOP_ANALYSIS = YES;
				CLANG_WARN_STRICT_PROTOTYPES = YES;
				CLANG_WARN_SUSPICIOUS_MOVE = YES;
				CLANG_WARN_UNGUARDED_AVAILABILITY = YES_AGGRESSIVE;
				CLANG_WARN_UNREACHABLE_CODE = YES;
				CLANG_WARN__DUPLICATE_METHOD_MATCH = YES;
				COPY_PHASE_STRIP = NO;
				DEBUG_INFORMATION_FORMAT = dwarf;
				ENABLE_STRICT_OBJC_MSGSEND = YES;
				ENABLE_TESTABILITY = YES;
				GCC_C_LANGUAGE_STANDARD = gnu11;
				GCC_DYNAMIC_NO_PIC = NO;
				GCC_NO_COMMON_BLOCKS = YES;
				GCC_OPTIMIZATION_LEVEL = 0;
				GCC_PREPROCESSOR_DEFINITIONS = (
					"DEBUG=1",
					"$(inherited)",
				);
				GCC_WARN_64_TO_32_BIT_CONVERSION = YES;
				GCC_WARN_ABOUT_RETURN_TYPE = YES_ERROR;
				GCC_WARN_UNDECLARED_SELECTOR = YES;
				GCC_WARN_UNINITIALIZED_AUTOS = YES_AGGRESSIVE;
				GCC_WARN_UNUSED_FUNCTION = YES;
				GCC_WARN_UNUSED_VARIABLE = YES;
				IPHONEOS_DEPLOYMENT_TARGET = 16.2;
				MTL_ENABLE_DEBUG_INFO = INCLUDE_SOURCE;
				MTL_FAST_MATH = YES;
				ONLY_ACTIVE_ARCH = YES;
				SDKROOT = iphoneos;
				SWIFT_ACTIVE_COMPILATION_CONDITIONS = DEBUG;
				SWIFT_OPTIMIZATION_LEVEL = "-Onone";
			};
			name = Debug;
		};
		3230A5AE2A522ABF000B1DAE /* Release */ = {
			isa = XCBuildConfiguration;
			buildSettings = {
				ALWAYS_SEARCH_USER_PATHS = NO;
				CLANG_ANALYZER_NONNULL = YES;
				CLANG_ANALYZER_NUMBER_OBJECT_CONVERSION = YES_AGGRESSIVE;
				CLANG_CXX_LANGUAGE_STANDARD = "gnu++20";
				CLANG_ENABLE_MODULES = YES;
				CLANG_ENABLE_OBJC_ARC = YES;
				CLANG_ENABLE_OBJC_WEAK = YES;
				CLANG_WARN_BLOCK_CAPTURE_AUTORELEASING = YES;
				CLANG_WARN_BOOL_CONVERSION = YES;
				CLANG_WARN_COMMA = YES;
				CLANG_WARN_CONSTANT_CONVERSION = YES;
				CLANG_WARN_DEPRECATED_OBJC_IMPLEMENTATIONS = YES;
				CLANG_WARN_DIRECT_OBJC_ISA_USAGE = YES_ERROR;
				CLANG_WARN_DOCUMENTATION_COMMENTS = YES;
				CLANG_WARN_EMPTY_BODY = YES;
				CLANG_WARN_ENUM_CONVERSION = YES;
				CLANG_WARN_INFINITE_RECURSION = YES;
				CLANG_WARN_INT_CONVERSION = YES;
				CLANG_WARN_NON_LITERAL_NULL_CONVERSION = YES;
				CLANG_WARN_OBJC_IMPLICIT_RETAIN_SELF = YES;
				CLANG_WARN_OBJC_LITERAL_CONVERSION = YES;
				CLANG_WARN_OBJC_ROOT_CLASS = YES_ERROR;
				CLANG_WARN_QUOTED_INCLUDE_IN_FRAMEWORK_HEADER = YES;
				CLANG_WARN_RANGE_LOOP_ANALYSIS = YES;
				CLANG_WARN_STRICT_PROTOTYPES = YES;
				CLANG_WARN_SUSPICIOUS_MOVE = YES;
				CLANG_WARN_UNGUARDED_AVAILABILITY = YES_AGGRESSIVE;
				CLANG_WARN_UNREACHABLE_CODE = YES;
				CLANG_WARN__DUPLICATE_METHOD_MATCH = YES;
				COPY_PHASE_STRIP = NO;
				DEBUG_INFORMATION_FORMAT = "dwarf-with-dsym";
				ENABLE_NS_ASSERTIONS = NO;
				ENABLE_STRICT_OBJC_MSGSEND = YES;
				GCC_C_LANGUAGE_STANDARD = gnu11;
				GCC_NO_COMMON_BLOCKS = YES;
				GCC_WARN_64_TO_32_BIT_CONVERSION = YES;
				GCC_WARN_ABOUT_RETURN_TYPE = YES_ERROR;
				GCC_WARN_UNDECLARED_SELECTOR = YES;
				GCC_WARN_UNINITIALIZED_AUTOS = YES_AGGRESSIVE;
				GCC_WARN_UNUSED_FUNCTION = YES;
				GCC_WARN_UNUSED_VARIABLE = YES;
				IPHONEOS_DEPLOYMENT_TARGET = 16.2;
				MTL_ENABLE_DEBUG_INFO = NO;
				MTL_FAST_MATH = YES;
				SDKROOT = iphoneos;
				SWIFT_COMPILATION_MODE = wholemodule;
				SWIFT_OPTIMIZATION_LEVEL = "-O";
				VALIDATE_PRODUCT = YES;
			};
			name = Release;
		};
		3230A5B02A522ABF000B1DAE /* Debug */ = {
			isa = XCBuildConfiguration;
			buildSettings = {
				ASSETCATALOG_COMPILER_APPICON_NAME = AppIcon;
				ASSETCATALOG_COMPILER_GLOBAL_ACCENT_COLOR_NAME = AccentColor;
				CODE_SIGN_STYLE = Automatic;
				CURRENT_PROJECT_VERSION = 1;
				GENERATE_INFOPLIST_FILE = YES;
				INFOPLIST_FILE = OhHellScoreKeepingApp/Info.plist;
				INFOPLIST_KEY_UIApplicationSupportsIndirectInputEvents = YES;
				INFOPLIST_KEY_UILaunchStoryboardName = LaunchScreen;
				INFOPLIST_KEY_UIMainStoryboardFile = Main;
				INFOPLIST_KEY_UISupportedInterfaceOrientations_iPad = "UIInterfaceOrientationPortrait UIInterfaceOrientationPortraitUpsideDown UIInterfaceOrientationLandscapeLeft UIInterfaceOrientationLandscapeRight";
				INFOPLIST_KEY_UISupportedInterfaceOrientations_iPhone = "UIInterfaceOrientationPortrait UIInterfaceOrientationLandscapeLeft UIInterfaceOrientationLandscapeRight";
				LD_RUNPATH_SEARCH_PATHS = (
					"$(inherited)",
					"@executable_path/Frameworks",
				);
				MARKETING_VERSION = 1.0;
				PRODUCT_BUNDLE_IDENTIFIER = com.kaupenblatt.OhHellScoreKeepingApp;
				PRODUCT_NAME = "$(TARGET_NAME)";
				SWIFT_EMIT_LOC_STRINGS = YES;
				SWIFT_VERSION = 5.0;
				TARGETED_DEVICE_FAMILY = "1,2";
			};
			name = Debug;
		};
		3230A5B12A522ABF000B1DAE /* Release */ = {
			isa = XCBuildConfiguration;
			buildSettings = {
				ASSETCATALOG_COMPILER_APPICON_NAME = AppIcon;
				ASSETCATALOG_COMPILER_GLOBAL_ACCENT_COLOR_NAME = AccentColor;
				CODE_SIGN_STYLE = Automatic;
				CURRENT_PROJECT_VERSION = 1;
				GENERATE_INFOPLIST_FILE = YES;
				INFOPLIST_FILE = OhHellScoreKeepingApp/Info.plist;
				INFOPLIST_KEY_UIApplicationSupportsIndirectInputEvents = YES;
				INFOPLIST_KEY_UILaunchStoryboardName = LaunchScreen;
				INFOPLIST_KEY_UIMainStoryboardFile = Main;
				INFOPLIST_KEY_UISupportedInterfaceOrientations_iPad = "UIInterfaceOrientationPortrait UIInterfaceOrientationPortraitUpsideDown UIInterfaceOrientationLandscapeLeft UIInterfaceOrientationLandscapeRight";
				INFOPLIST_KEY_UISupportedInterfaceOrientations_iPhone = "UIInterfaceOrientationPortrait UIInterfaceOrientationLandscapeLeft UIInterfaceOrientationLandscapeRight";
				LD_RUNPATH_SEARCH_PATHS = (
					"$(inherited)",
					"@executable_path/Frameworks",
				);
				MARKETING_VERSION = 1.0;
				PRODUCT_BUNDLE_IDENTIFIER = com.kaupenblatt.OhHellScoreKeepingApp;
				PRODUCT_NAME = "$(TARGET_NAME)";
				SWIFT_EMIT_LOC_STRINGS = YES;
				SWIFT_VERSION = 5.0;
				TARGETED_DEVICE_FAMILY = "1,2";
			};
			name = Release;
		};
/* End XCBuildConfiguration section */

/* Begin XCConfigurationList section */
		3230A5962A522ABB000B1DAE /* Build configuration list for PBXProject "OhHellScoreKeepingApp" */ = {
			isa = XCConfigurationList;
			buildConfigurations = (
				3230A5AD2A522ABF000B1DAE /* Debug */,
				3230A5AE2A522ABF000B1DAE /* Release */,
			);
			defaultConfigurationIsVisible = 0;
			defaultConfigurationName = Release;
		};
		3230A5AF2A522ABF000B1DAE /* Build configuration list for PBXNativeTarget "OhHellScoreKeepingApp" */ = {
			isa = XCConfigurationList;
			buildConfigurations = (
				3230A5B02A522ABF000B1DAE /* Debug */,
				3230A5B12A522ABF000B1DAE /* Release */,
			);
			defaultConfigurationIsVisible = 0;
			defaultConfigurationName = Release;
		};
/* End XCConfigurationList section */

/* Begin XCVersionGroup section */
		329FF1172AD9ACE400A23EB0 /* OhHellScoreKeepingApp.xcdatamodeld */ = {
			isa = XCVersionGroup;
			children = (
				329FF1182AD9ACE400A23EB0 /* OhHellScoreKeeping.xcdatamodel */,
			);
			currentVersion = 329FF1182AD9ACE400A23EB0 /* OhHellScoreKeeping.xcdatamodel */;
			path = OhHellScoreKeepingApp.xcdatamodeld;
			sourceTree = "<group>";
			versionGroupType = wrapper.xcdatamodel;
		};
/* End XCVersionGroup section */
	};
	rootObject = 3230A5932A522ABB000B1DAE /* Project object */;
}
